
Microsoft Visual Studio Solution File, Format Version 12.00
# Visual Studio Version 17
VisualStudioVersion = 17.2.32422.2
MinimumVisualStudioVersion = 10.0.40219.1
Project("{9A19103F-16F7-4668-BE54-9A1E7A4F7556}") = "EnglishWords", "EnglishWords\EnglishWords.csproj", "{D3431CA6-4EF3-41BD-B46D-8CFEB5837D9F}"
EndProject
Global
	GlobalSection(SolutionConfigurationPlatforms) = preSolution
		Debug|Any CPU = Debug|Any CPU
		Release|Any CPU = Release|Any CPU
	EndGlobalSection
	GlobalSection(ProjectConfigurationPlatforms) = postSolution
		{D3431CA6-4EF3-41BD-B46D-8CFEB5837D9F}.Debug|Any CPU.ActiveCfg = Debug|Any CPU
		{D3431CA6-4EF3-41BD-B46D-8CFEB5837D9F}.Debug|Any CPU.Build.0 = Debug|Any CPU
		{D3431CA6-4EF3-41BD-B46D-8CFEB5837D9F}.Release|Any CPU.ActiveCfg = Release|Any CPU
		{D3431CA6-4EF3-41BD-B46D-8CFEB5837D9F}.Release|Any CPU.Build.0 = Release|Any CPU
	EndGlobalSection
	GlobalSection(SolutionProperties) = preSolution
		HideSolutionNode = FALSE
	EndGlobalSection
	GlobalSection(ExtensibilityGlobals) = postSolution
		SolutionGuid = {A8C4C637-23B4-4F8E-953A-E98ED2B41EA7}
	EndGlobalSection
EndGlobal
