
Microsoft Visual Studio Solution File, Format Version 12.00
# Visual Studio Version 17
VisualStudioVersion = 17.0.31717.71
MinimumVisualStudioVersion = 10.0.40219.1
Project("{9A19103F-16F7-4668-BE54-9A1E7A4F7556}") = "EnglishWords", "EnglishWords.csproj", "{F2FC5F40-D689-4AF4-ADC4-82C77129F947}"
EndProject
Global
	GlobalSection(SolutionConfigurationPlatforms) = preSolution
		Debug|Any CPU = Debug|Any CPU
		Release|Any CPU = Release|Any CPU
	EndGlobalSection
	GlobalSection(ProjectConfigurationPlatforms) = postSolution
		{F2FC5F40-D689-4AF4-ADC4-82C77129F947}.Debug|Any CPU.ActiveCfg = Debug|Any CPU
		{F2FC5F40-D689-4AF4-ADC4-82C77129F947}.Debug|Any CPU.Build.0 = Debug|Any CPU
		{F2FC5F40-D689-4AF4-ADC4-82C77129F947}.Release|Any CPU.ActiveCfg = Release|Any CPU
		{F2FC5F40-D689-4AF4-ADC4-82C77129F947}.Release|Any CPU.Build.0 = Release|Any CPU
	EndGlobalSection
	GlobalSection(SolutionProperties) = preSolution
		HideSolutionNode = FALSE
	EndGlobalSection
	GlobalSection(ExtensibilityGlobals) = postSolution
		SolutionGuid = {A4462093-4B3F-46BF-8825-DD1DF579B801}
	EndGlobalSection
EndGlobal